// !$*UTF8*$!
{
	archiveVersion = 1;
	classes = {
	};
	objectVersion = 50;
	objects = {

/* Begin PBXBuildFile section */
		2970128224FA45CC0003C036 /* AppDelegate.swift in Sources */ = {isa = PBXBuildFile; fileRef = 2970128124FA45CC0003C036 /* AppDelegate.swift */; };
		2970128424FA45CC0003C036 /* art.scnassets in Resources */ = {isa = PBXBuildFile; fileRef = 2970128324FA45CC0003C036 /* art.scnassets */; };
		2970128624FA45CC0003C036 /* ViewController.swift in Sources */ = {isa = PBXBuildFile; fileRef = 2970128524FA45CC0003C036 /* ViewController.swift */; };
		2970128924FA45CC0003C036 /* Main.storyboard in Resources */ = {isa = PBXBuildFile; fileRef = 2970128724FA45CC0003C036 /* Main.storyboard */; };
		2970128B24FA45CD0003C036 /* Assets.xcassets in Resources */ = {isa = PBXBuildFile; fileRef = 2970128A24FA45CD0003C036 /* Assets.xcassets */; };
		2970128E24FA45CD0003C036 /* LaunchScreen.storyboard in Resources */ = {isa = PBXBuildFile; fileRef = 2970128C24FA45CD0003C036 /* LaunchScreen.storyboard */; };
		2970129724FA4AC40003C036 /* InitDatas.swift in Sources */ = {isa = PBXBuildFile; fileRef = 2970129624FA4AC40003C036 /* InitDatas.swift */; };
		2970129F24FA4C590003C036 /* MPCMgt.swift in Sources */ = {isa = PBXBuildFile; fileRef = 2970129E24FA4C590003C036 /* MPCMgt.swift */; };
		297012C224FA538B0003C036 /* Extensions.swift in Sources */ = {isa = PBXBuildFile; fileRef = 297012C124FA538B0003C036 /* Extensions.swift */; };
		297012C624FA54FC0003C036 /* View iPhone.xib in Resources */ = {isa = PBXBuildFile; fileRef = 297012C424FA54FC0003C036 /* View iPhone.xib */; };
		297012C724FA54FC0003C036 /* View iPad.xib in Resources */ = {isa = PBXBuildFile; fileRef = 297012C524FA54FC0003C036 /* View iPad.xib */; };
/* End PBXBuildFile section */

/* Begin PBXFileReference section */
		2970127E24FA45CC0003C036 /* MultiUserMgt.app */ = {isa = PBXFileReference; explicitFileType = wrapper.application; includeInIndex = 0; path = MultiUserMgt.app; sourceTree = BUILT_PRODUCTS_DIR; };
		2970128124FA45CC0003C036 /* AppDelegate.swift */ = {isa = PBXFileReference; lastKnownFileType = sourcecode.swift; path = AppDelegate.swift; sourceTree = "<group>"; };
		2970128324FA45CC0003C036 /* art.scnassets */ = {isa = PBXFileReference; lastKnownFileType = wrapper.scnassets; path = art.scnassets; sourceTree = "<group>"; };
		2970128524FA45CC0003C036 /* ViewController.swift */ = {isa = PBXFileReference; lastKnownFileType = sourcecode.swift; path = ViewController.swift; sourceTree = "<group>"; };
		2970128824FA45CC0003C036 /* Base */ = {isa = PBXFileReference; lastKnownFileType = file.storyboard; name = Base; path = Base.lproj/Main.storyboard; sourceTree = "<group>"; };
		2970128A24FA45CD0003C036 /* Assets.xcassets */ = {isa = PBXFileReference; lastKnownFileType = folder.assetcatalog; path = Assets.xcassets; sourceTree = "<group>"; };
		2970128D24FA45CD0003C036 /* Base */ = {isa = PBXFileReference; lastKnownFileType = file.storyboard; name = Base; path = Base.lproj/LaunchScreen.storyboard; sourceTree = "<group>"; };
		2970128F24FA45CD0003C036 /* Info.plist */ = {isa = PBXFileReference; lastKnownFileType = text.plist.xml; path = Info.plist; sourceTree = "<group>"; };
		2970129624FA4AC40003C036 /* InitDatas.swift */ = {isa = PBXFileReference; lastKnownFileType = sourcecode.swift; path = InitDatas.swift; sourceTree = "<group>"; };
		2970129E24FA4C590003C036 /* MPCMgt.swift */ = {isa = PBXFileReference; lastKnownFileType = sourcecode.swift; path = MPCMgt.swift; sourceTree = "<group>"; };
		297012C124FA538B0003C036 /* Extensions.swift */ = {isa = PBXFileReference; lastKnownFileType = sourcecode.swift; path = Extensions.swift; sourceTree = "<group>"; };
		297012C424FA54FC0003C036 /* View iPhone.xib */ = {isa = PBXFileReference; fileEncoding = 4; lastKnownFileType = file.xib; path = "View iPhone.xib"; sourceTree = "<group>"; };
		297012C524FA54FC0003C036 /* View iPad.xib */ = {isa = PBXFileReference; fileEncoding = 4; lastKnownFileType = file.xib; path = "View iPad.xib"; sourceTree = "<group>"; };
/* End PBXFileReference section */

/* Begin PBXFrameworksBuildPhase section */
		2970127B24FA45CC0003C036 /* Frameworks */ = {
			isa = PBXFrameworksBuildPhase;
			buildActionMask = 2147483647;
			files = (
			);
			runOnlyForDeploymentPostprocessing = 0;
		};
/* End PBXFrameworksBuildPhase section */

/* Begin PBXGroup section */
		2970127524FA45CC0003C036 = {
			isa = PBXGroup;
			children = (
				2970128024FA45CC0003C036 /* MultiUserMgt */,
				2970127F24FA45CC0003C036 /* Products */,
			);
			sourceTree = "<group>";
		};
		2970127F24FA45CC0003C036 /* Products */ = {
			isa = PBXGroup;
			children = (
				2970127E24FA45CC0003C036 /* MultiUserMgt.app */,
			);
			name = Products;
			sourceTree = "<group>";
		};
		2970128024FA45CC0003C036 /* MultiUserMgt */ = {
			isa = PBXGroup;
			children = (
				2970128C24FA45CD0003C036 /* LaunchScreen.storyboard */,
				2970128724FA45CC0003C036 /* Main.storyboard */,
				2970129524FA45FC0003C036 /* Code */,
				297012C324FA54E10003C036 /* Vews */,
				2970128324FA45CC0003C036 /* art.scnassets */,
				2970128A24FA45CD0003C036 /* Assets.xcassets */,
				2970128F24FA45CD0003C036 /* Info.plist */,
			);
			path = MultiUserMgt;
			sourceTree = "<group>";
		};
		2970129524FA45FC0003C036 /* Code */ = {
			isa = PBXGroup;
			children = (
				2970129624FA4AC40003C036 /* InitDatas.swift */,
				2970128124FA45CC0003C036 /* AppDelegate.swift */,
				2970128524FA45CC0003C036 /* ViewController.swift */,
				2970129E24FA4C590003C036 /* MPCMgt.swift */,
				297012C024FA53730003C036 /* Utils */,
			);
			path = Code;
			sourceTree = "<group>";
		};
		297012C024FA53730003C036 /* Utils */ = {
			isa = PBXGroup;
			children = (
				297012C124FA538B0003C036 /* Extensions.swift */,
			);
			path = Utils;
			sourceTree = "<group>";
		};
		297012C324FA54E10003C036 /* Vews */ = {
			isa = PBXGroup;
			children = (
				297012C524FA54FC0003C036 /* View iPad.xib */,
				297012C424FA54FC0003C036 /* View iPhone.xib */,
			);
			path = Vews;
			sourceTree = "<group>";
		};
/* End PBXGroup section */

/* Begin PBXNativeTarget section */
		2970127D24FA45CC0003C036 /* MultiUserMgt */ = {
			isa = PBXNativeTarget;
			buildConfigurationList = 2970129224FA45CD0003C036 /* Build configuration list for PBXNativeTarget "MultiUserMgt" */;
			buildPhases = (
				2970127A24FA45CC0003C036 /* Sources */,
				2970127B24FA45CC0003C036 /* Frameworks */,
				2970127C24FA45CC0003C036 /* Resources */,
			);
			buildRules = (
			);
			dependencies = (
			);
			name = MultiUserMgt;
			productName = MultiUserMgt;
			productReference = 2970127E24FA45CC0003C036 /* MultiUserMgt.app */;
			productType = "com.apple.product-type.application";
		};
/* End PBXNativeTarget section */

/* Begin PBXProject section */
		2970127624FA45CC0003C036 /* Project object */ = {
			isa = PBXProject;
			attributes = {
				LastSwiftUpdateCheck = 1160;
				LastUpgradeCheck = 1160;
				ORGANIZATIONNAME = IndianaDev;
				TargetAttributes = {
					2970127D24FA45CC0003C036 = {
						CreatedOnToolsVersion = 11.6;
					};
				};
			};
			buildConfigurationList = 2970127924FA45CC0003C036 /* Build configuration list for PBXProject "MultiUserMgt" */;
			compatibilityVersion = "Xcode 9.3";
			developmentRegion = en;
			hasScannedForEncodings = 0;
			knownRegions = (
				en,
				Base,
			);
			mainGroup = 2970127524FA45CC0003C036;
			productRefGroup = 2970127F24FA45CC0003C036 /* Products */;
			projectDirPath = "";
			projectRoot = "";
			targets = (
				2970127D24FA45CC0003C036 /* MultiUserMgt */,
			);
		};
/* End PBXProject section */

/* Begin PBXResourcesBuildPhase section */
		2970127C24FA45CC0003C036 /* Resources */ = {
			isa = PBXResourcesBuildPhase;
			buildActionMask = 2147483647;
			files = (
				2970128424FA45CC0003C036 /* art.scnassets in Resources */,
				2970128E24FA45CD0003C036 /* LaunchScreen.storyboard in Resources */,
				2970128B24FA45CD0003C036 /* Assets.xcassets in Resources */,
				297012C724FA54FC0003C036 /* View iPad.xib in Resources */,
				2970128924FA45CC0003C036 /* Main.storyboard in Resources */,
				297012C624FA54FC0003C036 /* View iPhone.xib in Resources */,
			);
			runOnlyForDeploymentPostprocessing = 0;
		};
/* End PBXResourcesBuildPhase section */

/* Begin PBXSourcesBuildPhase section */
		2970127A24FA45CC0003C036 /* Sources */ = {
			isa = PBXSourcesBuildPhase;
			buildActionMask = 2147483647;
			files = (
				2970128624FA45CC0003C036 /* ViewController.swift in Sources */,
				2970129724FA4AC40003C036 /* InitDatas.swift in Sources */,
				2970128224FA45CC0003C036 /* AppDelegate.swift in Sources */,
				297012C224FA538B0003C036 /* Extensions.swift in Sources */,
				2970129F24FA4C590003C036 /* MPCMgt.swift in Sources */,
			);
			runOnlyForDeploymentPostprocessing = 0;
		};
/* End PBXSourcesBuildPhase section */

/* Begin PBXVariantGroup section */
		2970128724FA45CC0003C036 /* Main.storyboard */ = {
			isa = PBXVariantGroup;
			children = (
				2970128824FA45CC0003C036 /* Base */,
			);
			name = Main.storyboard;
			sourceTree = "<group>";
		};
		2970128C24FA45CD0003C036 /* LaunchScreen.storyboard */ = {
			isa = PBXVariantGroup;
			children = (
				2970128D24FA45CD0003C036 /* Base */,
			);
			name = LaunchScreen.storyboard;
			sourceTree = "<group>";
		};
/* End PBXVariantGroup section */

/* Begin XCBuildConfiguration section */
		2970129024FA45CD0003C036 /* Debug */ = {
			isa = XCBuildConfiguration;
			buildSettings = {
				ALWAYS_SEARCH_USER_PATHS = NO;
				CLANG_ANALYZER_NONNULL = YES;
				CLANG_ANALYZER_NUMBER_OBJECT_CONVERSION = YES_AGGRESSIVE;
				CLANG_CXX_LANGUAGE_STANDARD = "gnu++14";
				CLANG_CXX_LIBRARY = "libc++";
				CLANG_ENABLE_MODULES = YES;
				CLANG_ENABLE_OBJC_ARC = YES;
				CLANG_ENABLE_OBJC_WEAK = YES;
				CLANG_WARN_BLOCK_CAPTURE_AUTORELEASING = YES;
				CLANG_WARN_BOOL_CONVERSION = YES;
				CLANG_WARN_COMMA = YES;
				CLANG_WARN_CONSTANT_CONVERSION = YES;
				CLANG_WARN_DEPRECATED_OBJC_IMPLEMENTATIONS = YES;
				CLANG_WARN_DIRECT_OBJC_ISA_USAGE = YES_ERROR;
				CLANG_WARN_DOCUMENTATION_COMMENTS = YES;
				CLANG_WARN_EMPTY_BODY = YES;
				CLANG_WARN_ENUM_CONVERSION = YES;
				CLANG_WARN_INFINITE_RECURSION = YES;
				CLANG_WARN_INT_CONVERSION = YES;
				CLANG_WARN_NON_LITERAL_NULL_CONVERSION = YES;
				CLANG_WARN_OBJC_IMPLICIT_RETAIN_SELF = YES;
				CLANG_WARN_OBJC_LITERAL_CONVERSION = YES;
				CLANG_WARN_OBJC_ROOT_CLASS = YES_ERROR;
				CLANG_WARN_RANGE_LOOP_ANALYSIS = YES;
				CLANG_WARN_STRICT_PROTOTYPES = YES;
				CLANG_WARN_SUSPICIOUS_MOVE = YES;
				CLANG_WARN_UNGUARDED_AVAILABILITY = YES_AGGRESSIVE;
				CLANG_WARN_UNREACHABLE_CODE = YES;
				CLANG_WARN__DUPLICATE_METHOD_MATCH = YES;
				COPY_PHASE_STRIP = NO;
				DEBUG_INFORMATION_FORMAT = dwarf;
				ENABLE_STRICT_OBJC_MSGSEND = YES;
				ENABLE_TESTABILITY = YES;
				GCC_C_LANGUAGE_STANDARD = gnu11;
				GCC_DYNAMIC_NO_PIC = NO;
				GCC_NO_COMMON_BLOCKS = YES;
				GCC_OPTIMIZATION_LEVEL = 0;
				GCC_PREPROCESSOR_DEFINITIONS = (
					"DEBUG=1",
					"$(inherited)",
				);
				GCC_WARN_64_TO_32_BIT_CONVERSION = YES;
				GCC_WARN_ABOUT_RETURN_TYPE = YES_ERROR;
				GCC_WARN_UNDECLARED_SELECTOR = YES;
				GCC_WARN_UNINITIALIZED_AUTOS = YES_AGGRESSIVE;
				GCC_WARN_UNUSED_FUNCTION = YES;
				GCC_WARN_UNUSED_VARIABLE = YES;
				IPHONEOS_DEPLOYMENT_TARGET = 13.6;
				MTL_ENABLE_DEBUG_INFO = INCLUDE_SOURCE;
				MTL_FAST_MATH = YES;
				ONLY_ACTIVE_ARCH = YES;
				SDKROOT = iphoneos;
				SWIFT_ACTIVE_COMPILATION_CONDITIONS = DEBUG;
				SWIFT_OPTIMIZATION_LEVEL = "-Onone";
			};
			name = Debug;
		};
		2970129124FA45CD0003C036 /* Release */ = {
			isa = XCBuildConfiguration;
			buildSettings = {
				ALWAYS_SEARCH_USER_PATHS = NO;
				CLANG_ANALYZER_NONNULL = YES;
				CLANG_ANALYZER_NUMBER_OBJECT_CONVERSION = YES_AGGRESSIVE;
				CLANG_CXX_LANGUAGE_STANDARD = "gnu++14";
				CLANG_CXX_LIBRARY = "libc++";
				CLANG_ENABLE_MODULES = YES;
				CLANG_ENABLE_OBJC_ARC = YES;
				CLANG_ENABLE_OBJC_WEAK = YES;
				CLANG_WARN_BLOCK_CAPTURE_AUTORELEASING = YES;
				CLANG_WARN_BOOL_CONVERSION = YES;
				CLANG_WARN_COMMA = YES;
				CLANG_WARN_CONSTANT_CONVERSION = YES;
				CLANG_WARN_DEPRECATED_OBJC_IMPLEMENTATIONS = YES;
				CLANG_WARN_DIRECT_OBJC_ISA_USAGE = YES_ERROR;
				CLANG_WARN_DOCUMENTATION_COMMENTS = YES;
				CLANG_WARN_EMPTY_BODY = YES;
				CLANG_WARN_ENUM_CONVERSION = YES;
				CLANG_WARN_INFINITE_RECURSION = YES;
				CLANG_WARN_INT_CONVERSION = YES;
				CLANG_WARN_NON_LITERAL_NULL_CONVERSION = YES;
				CLANG_WARN_OBJC_IMPLICIT_RETAIN_SELF = YES;
				CLANG_WARN_OBJC_LITERAL_CONVERSION = YES;
				CLANG_WARN_OBJC_ROOT_CLASS = YES_ERROR;
				CLANG_WARN_RANGE_LOOP_ANALYSIS = YES;
				CLANG_WARN_STRICT_PROTOTYPES = YES;
				CLANG_WARN_SUSPICIOUS_MOVE = YES;
				CLANG_WARN_UNGUARDED_AVAILABILITY = YES_AGGRESSIVE;
				CLANG_WARN_UNREACHABLE_CODE = YES;
				CLANG_WARN__DUPLICATE_METHOD_MATCH = YES;
				COPY_PHASE_STRIP = NO;
				DEBUG_INFORMATION_FORMAT = "dwarf-with-dsym";
				ENABLE_NS_ASSERTIONS = NO;
				ENABLE_STRICT_OBJC_MSGSEND = YES;
				GCC_C_LANGUAGE_STANDARD = gnu11;
				GCC_NO_COMMON_BLOCKS = YES;
				GCC_WARN_64_TO_32_BIT_CONVERSION = YES;
				GCC_WARN_ABOUT_RETURN_TYPE = YES_ERROR;
				GCC_WARN_UNDECLARED_SELECTOR = YES;
				GCC_WARN_UNINITIALIZED_AUTOS = YES_AGGRESSIVE;
				GCC_WARN_UNUSED_FUNCTION = YES;
				GCC_WARN_UNUSED_VARIABLE = YES;
				IPHONEOS_DEPLOYMENT_TARGET = 13.6;
				MTL_ENABLE_DEBUG_INFO = NO;
				MTL_FAST_MATH = YES;
				SDKROOT = iphoneos;
				SWIFT_COMPILATION_MODE = wholemodule;
				SWIFT_OPTIMIZATION_LEVEL = "-O";
				VALIDATE_PRODUCT = YES;
			};
			name = Release;
		};
		2970129324FA45CD0003C036 /* Debug */ = {
			isa = XCBuildConfiguration;
			buildSettings = {
				ASSETCATALOG_COMPILER_APPICON_NAME = AppIcon;
				CODE_SIGN_STYLE = Automatic;
				DEVELOPMENT_TEAM = T6UMRR4ZFS;
				INFOPLIST_FILE = MultiUserMgt/Info.plist;
				IPHONEOS_DEPLOYMENT_TARGET = 12.4;
				LD_RUNPATH_SEARCH_PATHS = (
					"$(inherited)",
					"@executable_path/Frameworks",
				);
				PRODUCT_BUNDLE_IDENTIFIER = IndianaDev.MultiUserMgt;
				PRODUCT_NAME = "$(TARGET_NAME)";
				SWIFT_VERSION = 5.0;
				TARGETED_DEVICE_FAMILY = "1,2";
			};
			name = Debug;
		};
		2970129424FA45CD0003C036 /* Release */ = {
			isa = XCBuildConfiguration;
			buildSettings = {
				ASSETCATALOG_COMPILER_APPICON_NAME = AppIcon;
				CODE_SIGN_STYLE = Automatic;
				DEVELOPMENT_TEAM = T6UMRR4ZFS;
				INFOPLIST_FILE = MultiUserMgt/Info.plist;
				IPHONEOS_DEPLOYMENT_TARGET = 12.4;
				LD_RUNPATH_SEARCH_PATHS = (
					"$(inherited)",
					"@executable_path/Frameworks",
				);
				PRODUCT_BUNDLE_IDENTIFIER = IndianaDev.MultiUserMgt;
				PRODUCT_NAME = "$(TARGET_NAME)";
				SWIFT_VERSION = 5.0;
				TARGETED_DEVICE_FAMILY = "1,2";
			};
			name = Release;
		};
/* End XCBuildConfiguration section */

/* Begin XCConfigurationList section */
		2970127924FA45CC0003C036 /* Build configuration list for PBXProject "MultiUserMgt" */ = {
			isa = XCConfigurationList;
			buildConfigurations = (
				2970129024FA45CD0003C036 /* Debug */,
				2970129124FA45CD0003C036 /* Release */,
			);
			defaultConfigurationIsVisible = 0;
			defaultConfigurationName = Release;
		};
		2970129224FA45CD0003C036 /* Build configuration list for PBXNativeTarget "MultiUserMgt" */ = {
			isa = XCConfigurationList;
			buildConfigurations = (
				2970129324FA45CD0003C036 /* Debug */,
				2970129424FA45CD0003C036 /* Release */,
			);
			defaultConfigurationIsVisible = 0;
			defaultConfigurationName = Release;
		};
/* End XCConfigurationList section */
	};
	rootObject = 2970127624FA45CC0003C036 /* Project object */;
}
